
Microsoft Visual Studio Solution File, Format Version 12.00
# Visual Studio Version 16
VisualStudioVersion = 16.0.31515.178
MinimumVisualStudioVersion = 10.0.40219.1
Project("{FAE04EC0-301F-11D3-BF4B-00C04F79EFBC}") = "FIT5032_MyCodeSnippet", "FIT5032_MyCodeSnippet\FIT5032_MyCodeSnippet.csproj", "{456B5217-197E-4DE8-AE7E-9D5362556367}"
EndProject
Global
	GlobalSection(SolutionConfigurationPlatforms) = preSolution
		Debug|Any CPU = Debug|Any CPU
		Release|Any CPU = Release|Any CPU
	EndGlobalSection
	GlobalSection(ProjectConfigurationPlatforms) = postSolution
		{456B5217-197E-4DE8-AE7E-9D5362556367}.Debug|Any CPU.ActiveCfg = Debug|Any CPU
		{456B5217-197E-4DE8-AE7E-9D5362556367}.Debug|Any CPU.Build.0 = Debug|Any CPU
		{456B5217-197E-4DE8-AE7E-9D5362556367}.Release|Any CPU.ActiveCfg = Release|Any CPU
		{456B5217-197E-4DE8-AE7E-9D5362556367}.Release|Any CPU.Build.0 = Release|Any CPU
	EndGlobalSection
	GlobalSection(SolutionProperties) = preSolution
		HideSolutionNode = FALSE
	EndGlobalSection
	GlobalSection(ExtensibilityGlobals) = postSolution
		SolutionGuid = {642A6479-A396-45BF-94C7-466B724F316A}
	EndGlobalSection
EndGlobal
